
Microsoft Visual Studio Solution File, Format Version 12.00
# Visual Studio Version 17
VisualStudioVersion = 17.0.31903.59
MinimumVisualStudioVersion = 10.0.40219.1
Project("{2150E333-8FDC-42A3-9474-1A3956D46DE8}") = "src", "src", "{827E0CD3-B72D-47B6-A68D-7590B98EB39B}"
EndProject
Project("{FAE04EC0-301F-11D3-BF4B-00C04F79EFBC}") = "PaymentFlow.Domain", "src\PaymentFlow.Domain\PaymentFlow.Domain.csproj", "{6C135C58-9DA0-4F36-8EB7-B91E4ECF4421}"
EndProject
Project("{FAE04EC0-301F-11D3-BF4B-00C04F79EFBC}") = "PaymentFlow.SharedKernel", "src\PaymentFlow.SharedKernel\PaymentFlow.SharedKernel.csproj", "{EDF0D299-679E-476A-9A83-C4A4F37C117E}"
EndProject
Project("{FAE04EC0-301F-11D3-BF4B-00C04F79EFBC}") = "PaymentFlow.Application", "src\PaymentFlow.Application\PaymentFlow.Application.csproj", "{E129AA49-68B7-478A-A087-DFEA3DE6B8B0}"
EndProject
Project("{FAE04EC0-301F-11D3-BF4B-00C04F79EFBC}") = "PaymentFlow.Infrastructure", "src\PaymentFlow.Infrastructure\PaymentFlow.Infrastructure.csproj", "{243B5648-3AC0-4E27-83CC-9135B89ABE36}"
EndProject
Project("{FAE04EC0-301F-11D3-BF4B-00C04F79EFBC}") = "PaymentFlow.Persistence", "src\PaymentFlow.Persistence\PaymentFlow.Persistence.csproj", "{23E470AF-5651-4C0B-9138-B0C6FBE2E5F6}"
EndProject
Project("{FAE04EC0-301F-11D3-BF4B-00C04F79EFBC}") = "PaymentFlow.Contracts", "src\PaymentFlow.Contracts\PaymentFlow.Contracts.csproj", "{A27EE890-0A1F-434F-A78B-036013ACAA86}"
EndProject
Project("{FAE04EC0-301F-11D3-BF4B-00C04F79EFBC}") = "PaymentFlow.Api", "src\PaymentFlow.Api\PaymentFlow.Api.csproj", "{B31D14E6-B8CA-4124-8F04-2791BE0EBD48}"
EndProject
Project("{FAE04EC0-301F-11D3-BF4B-00C04F79EFBC}") = "PaymentFlow.Workers", "src\PaymentFlow.Workers\PaymentFlow.Workers.csproj", "{782586FC-5593-453F-AC1C-49DCDF5C3A5E}"
EndProject
Project("{2150E333-8FDC-42A3-9474-1A3956D46DE8}") = "tests", "tests", "{0AB3BF05-4346-4AA6-1389-037BE0695223}"
EndProject
Project("{FAE04EC0-301F-11D3-BF4B-00C04F79EFBC}") = "PaymentFlow.Domain.Tests", "tests\PaymentFlow.Domain.Tests\PaymentFlow.Domain.Tests.csproj", "{F2E8F94B-42D5-4317-A6DB-889E1C9DB94C}"
EndProject
Global
	GlobalSection(SolutionConfigurationPlatforms) = preSolution
		Debug|Any CPU = Debug|Any CPU
		Debug|x64 = Debug|x64
		Debug|x86 = Debug|x86
		Release|Any CPU = Release|Any CPU
		Release|x64 = Release|x64
		Release|x86 = Release|x86
	EndGlobalSection
	GlobalSection(ProjectConfigurationPlatforms) = postSolution
		{6C135C58-9DA0-4F36-8EB7-B91E4ECF4421}.Debug|Any CPU.ActiveCfg = Debug|Any CPU
		{6C135C58-9DA0-4F36-8EB7-B91E4ECF4421}.Debug|Any CPU.Build.0 = Debug|Any CPU
		{6C135C58-9DA0-4F36-8EB7-B91E4ECF4421}.Debug|x64.ActiveCfg = Debug|Any CPU
		{6C135C58-9DA0-4F36-8EB7-B91E4ECF4421}.Debug|x64.Build.0 = Debug|Any CPU
		{6C135C58-9DA0-4F36-8EB7-B91E4ECF4421}.Debug|x86.ActiveCfg = Debug|Any CPU
		{6C135C58-9DA0-4F36-8EB7-B91E4ECF4421}.Debug|x86.Build.0 = Debug|Any CPU
		{6C135C58-9DA0-4F36-8EB7-B91E4ECF4421}.Release|Any CPU.ActiveCfg = Release|Any CPU
		{6C135C58-9DA0-4F36-8EB7-B91E4ECF4421}.Release|Any CPU.Build.0 = Release|Any CPU
		{6C135C58-9DA0-4F36-8EB7-B91E4ECF4421}.Release|x64.ActiveCfg = Release|Any CPU
		{6C135C58-9DA0-4F36-8EB7-B91E4ECF4421}.Release|x64.Build.0 = Release|Any CPU
		{6C135C58-9DA0-4F36-8EB7-B91E4ECF4421}.Release|x86.ActiveCfg = Release|Any CPU
		{6C135C58-9DA0-4F36-8EB7-B91E4ECF4421}.Release|x86.Build.0 = Release|Any CPU
		{EDF0D299-679E-476A-9A83-C4A4F37C117E}.Debug|Any CPU.ActiveCfg = Debug|Any CPU
		{EDF0D299-679E-476A-9A83-C4A4F37C117E}.Debug|Any CPU.Build.0 = Debug|Any CPU
		{EDF0D299-679E-476A-9A83-C4A4F37C117E}.Debug|x64.ActiveCfg = Debug|Any CPU
		{EDF0D299-679E-476A-9A83-C4A4F37C117E}.Debug|x64.Build.0 = Debug|Any CPU
		{EDF0D299-679E-476A-9A83-C4A4F37C117E}.Debug|x86.ActiveCfg = Debug|Any CPU
		{EDF0D299-679E-476A-9A83-C4A4F37C117E}.Debug|x86.Build.0 = Debug|Any CPU
		{EDF0D299-679E-476A-9A83-C4A4F37C117E}.Release|Any CPU.ActiveCfg = Release|Any CPU
		{EDF0D299-679E-476A-9A83-C4A4F37C117E}.Release|Any CPU.Build.0 = Release|Any CPU
		{EDF0D299-679E-476A-9A83-C4A4F37C117E}.Release|x64.ActiveCfg = Release|Any CPU
		{EDF0D299-679E-476A-9A83-C4A4F37C117E}.Release|x64.Build.0 = Release|Any CPU
		{EDF0D299-679E-476A-9A83-C4A4F37C117E}.Release|x86.ActiveCfg = Release|Any CPU
		{EDF0D299-679E-476A-9A83-C4A4F37C117E}.Release|x86.Build.0 = Release|Any CPU
		{E129AA49-68B7-478A-A087-DFEA3DE6B8B0}.Debug|Any CPU.ActiveCfg = Debug|Any CPU
		{E129AA49-68B7-478A-A087-DFEA3DE6B8B0}.Debug|Any CPU.Build.0 = Debug|Any CPU
		{E129AA49-68B7-478A-A087-DFEA3DE6B8B0}.Debug|x64.ActiveCfg = Debug|Any CPU
		{E129AA49-68B7-478A-A087-DFEA3DE6B8B0}.Debug|x64.Build.0 = Debug|Any CPU
		{E129AA49-68B7-478A-A087-DFEA3DE6B8B0}.Debug|x86.ActiveCfg = Debug|Any CPU
		{E129AA49-68B7-478A-A087-DFEA3DE6B8B0}.Debug|x86.Build.0 = Debug|Any CPU
		{E129AA49-68B7-478A-A087-DFEA3DE6B8B0}.Release|Any CPU.ActiveCfg = Release|Any CPU
		{E129AA49-68B7-478A-A087-DFEA3DE6B8B0}.Release|Any CPU.Build.0 = Release|Any CPU
		{E129AA49-68B7-478A-A087-DFEA3DE6B8B0}.Release|x64.ActiveCfg = Release|Any CPU
		{E129AA49-68B7-478A-A087-DFEA3DE6B8B0}.Release|x64.Build.0 = Release|Any CPU
		{E129AA49-68B7-478A-A087-DFEA3DE6B8B0}.Release|x86.ActiveCfg = Release|Any CPU
		{E129AA49-68B7-478A-A087-DFEA3DE6B8B0}.Release|x86.Build.0 = Release|Any CPU
		{243B5648-3AC0-4E27-83CC-9135B89ABE36}.Debug|Any CPU.ActiveCfg = Debug|Any CPU
		{243B5648-3AC0-4E27-83CC-9135B89ABE36}.Debug|Any CPU.Build.0 = Debug|Any CPU
		{243B5648-3AC0-4E27-83CC-9135B89ABE36}.Debug|x64.ActiveCfg = Debug|Any CPU
		{243B5648-3AC0-4E27-83CC-9135B89ABE36}.Debug|x64.Build.0 = Debug|Any CPU
		{243B5648-3AC0-4E27-83CC-9135B89ABE36}.Debug|x86.ActiveCfg = Debug|Any CPU
		{243B5648-3AC0-4E27-83CC-9135B89ABE36}.Debug|x86.Build.0 = Debug|Any CPU
		{243B5648-3AC0-4E27-83CC-9135B89ABE36}.Release|Any CPU.ActiveCfg = Release|Any CPU
		{243B5648-3AC0-4E27-83CC-9135B89ABE36}.Release|Any CPU.Build.0 = Release|Any CPU
		{243B5648-3AC0-4E27-83CC-9135B89ABE36}.Release|x64.ActiveCfg = Release|Any CPU
		{243B5648-3AC0-4E27-83CC-9135B89ABE36}.Release|x64.Build.0 = Release|Any CPU
		{243B5648-3AC0-4E27-83CC-9135B89ABE36}.Release|x86.ActiveCfg = Release|Any CPU
		{243B5648-3AC0-4E27-83CC-9135B89ABE36}.Release|x86.Build.0 = Release|Any CPU
		{23E470AF-5651-4C0B-9138-B0C6FBE2E5F6}.Debug|Any CPU.ActiveCfg = Debug|Any CPU
		{23E470AF-5651-4C0B-9138-B0C6FBE2E5F6}.Debug|Any CPU.Build.0 = Debug|Any CPU
		{23E470AF-5651-4C0B-9138-B0C6FBE2E5F6}.Debug|x64.ActiveCfg = Debug|Any CPU
		{23E470AF-5651-4C0B-9138-B0C6FBE2E5F6}.Debug|x64.Build.0 = Debug|Any CPU
		{23E470AF-5651-4C0B-9138-B0C6FBE2E5F6}.Debug|x86.ActiveCfg = Debug|Any CPU
		{23E470AF-5651-4C0B-9138-B0C6FBE2E5F6}.Debug|x86.Build.0 = Debug|Any CPU
		{23E470AF-5651-4C0B-9138-B0C6FBE2E5F6}.Release|Any CPU.ActiveCfg = Release|Any CPU
		{23E470AF-5651-4C0B-9138-B0C6FBE2E5F6}.Release|Any CPU.Build.0 = Release|Any CPU
		{23E470AF-5651-4C0B-9138-B0C6FBE2E5F6}.Release|x64.ActiveCfg = Release|Any CPU
		{23E470AF-5651-4C0B-9138-B0C6FBE2E5F6}.Release|x64.Build.0 = Release|Any CPU
		{23E470AF-5651-4C0B-9138-B0C6FBE2E5F6}.Release|x86.ActiveCfg = Release|Any CPU
		{23E470AF-5651-4C0B-9138-B0C6FBE2E5F6}.Release|x86.Build.0 = Release|Any CPU
		{A27EE890-0A1F-434F-A78B-036013ACAA86}.Debug|Any CPU.ActiveCfg = Debug|Any CPU
		{A27EE890-0A1F-434F-A78B-036013ACAA86}.Debug|Any CPU.Build.0 = Debug|Any CPU
		{A27EE890-0A1F-434F-A78B-036013ACAA86}.Debug|x64.ActiveCfg = Debug|Any CPU
		{A27EE890-0A1F-434F-A78B-036013ACAA86}.Debug|x64.Build.0 = Debug|Any CPU
		{A27EE890-0A1F-434F-A78B-036013ACAA86}.Debug|x86.ActiveCfg = Debug|Any CPU
		{A27EE890-0A1F-434F-A78B-036013ACAA86}.Debug|x86.Build.0 = Debug|Any CPU
		{A27EE890-0A1F-434F-A78B-036013ACAA86}.Release|Any CPU.ActiveCfg = Release|Any CPU
		{A27EE890-0A1F-434F-A78B-036013ACAA86}.Release|Any CPU.Build.0 = Release|Any CPU
		{A27EE890-0A1F-434F-A78B-036013ACAA86}.Release|x64.ActiveCfg = Release|Any CPU
		{A27EE890-0A1F-434F-A78B-036013ACAA86}.Release|x64.Build.0 = Release|Any CPU
		{A27EE890-0A1F-434F-A78B-036013ACAA86}.Release|x86.ActiveCfg = Release|Any CPU
		{A27EE890-0A1F-434F-A78B-036013ACAA86}.Release|x86.Build.0 = Release|Any CPU
		{B31D14E6-B8CA-4124-8F04-2791BE0EBD48}.Debug|Any CPU.ActiveCfg = Debug|Any CPU
		{B31D14E6-B8CA-4124-8F04-2791BE0EBD48}.Debug|Any CPU.Build.0 = Debug|Any CPU
		{B31D14E6-B8CA-4124-8F04-2791BE0EBD48}.Debug|x64.ActiveCfg = Debug|Any CPU
		{B31D14E6-B8CA-4124-8F04-2791BE0EBD48}.Debug|x64.Build.0 = Debug|Any CPU
		{B31D14E6-B8CA-4124-8F04-2791BE0EBD48}.Debug|x86.ActiveCfg = Debug|Any CPU
		{B31D14E6-B8CA-4124-8F04-2791BE0EBD48}.Debug|x86.Build.0 = Debug|Any CPU
		{B31D14E6-B8CA-4124-8F04-2791BE0EBD48}.Release|Any CPU.ActiveCfg = Release|Any CPU
		{B31D14E6-B8CA-4124-8F04-2791BE0EBD48}.Release|Any CPU.Build.0 = Release|Any CPU
		{B31D14E6-B8CA-4124-8F04-2791BE0EBD48}.Release|x64.ActiveCfg = Release|Any CPU
		{B31D14E6-B8CA-4124-8F04-2791BE0EBD48}.Release|x64.Build.0 = Release|Any CPU
		{B31D14E6-B8CA-4124-8F04-2791BE0EBD48}.Release|x86.ActiveCfg = Release|Any CPU
		{B31D14E6-B8CA-4124-8F04-2791BE0EBD48}.Release|x86.Build.0 = Release|Any CPU
		{782586FC-5593-453F-AC1C-49DCDF5C3A5E}.Debug|Any CPU.ActiveCfg = Debug|Any CPU
		{782586FC-5593-453F-AC1C-49DCDF5C3A5E}.Debug|Any CPU.Build.0 = Debug|Any CPU
		{782586FC-5593-453F-AC1C-49DCDF5C3A5E}.Debug|x64.ActiveCfg = Debug|Any CPU
		{782586FC-5593-453F-AC1C-49DCDF5C3A5E}.Debug|x64.Build.0 = Debug|Any CPU
		{782586FC-5593-453F-AC1C-49DCDF5C3A5E}.Debug|x86.ActiveCfg = Debug|Any CPU
		{782586FC-5593-453F-AC1C-49DCDF5C3A5E}.Debug|x86.Build.0 = Debug|Any CPU
		{782586FC-5593-453F-AC1C-49DCDF5C3A5E}.Release|Any CPU.ActiveCfg = Release|Any CPU
		{782586FC-5593-453F-AC1C-49DCDF5C3A5E}.Release|Any CPU.Build.0 = Release|Any CPU
		{782586FC-5593-453F-AC1C-49DCDF5C3A5E}.Release|x64.ActiveCfg = Release|Any CPU
		{782586FC-5593-453F-AC1C-49DCDF5C3A5E}.Release|x64.Build.0 = Release|Any CPU
		{782586FC-5593-453F-AC1C-49DCDF5C3A5E}.Release|x86.ActiveCfg = Release|Any CPU
		{782586FC-5593-453F-AC1C-49DCDF5C3A5E}.Release|x86.Build.0 = Release|Any CPU
		{F2E8F94B-42D5-4317-A6DB-889E1C9DB94C}.Debug|Any CPU.ActiveCfg = Debug|Any CPU
		{F2E8F94B-42D5-4317-A6DB-889E1C9DB94C}.Debug|Any CPU.Build.0 = Debug|Any CPU
		{F2E8F94B-42D5-4317-A6DB-889E1C9DB94C}.Debug|x64.ActiveCfg = Debug|Any CPU
		{F2E8F94B-42D5-4317-A6DB-889E1C9DB94C}.Debug|x64.Build.0 = Debug|Any CPU
		{F2E8F94B-42D5-4317-A6DB-889E1C9DB94C}.Debug|x86.ActiveCfg = Debug|Any CPU
		{F2E8F94B-42D5-4317-A6DB-889E1C9DB94C}.Debug|x86.Build.0 = Debug|Any CPU
		{F2E8F94B-42D5-4317-A6DB-889E1C9DB94C}.Release|Any CPU.ActiveCfg = Release|Any CPU
		{F2E8F94B-42D5-4317-A6DB-889E1C9DB94C}.Release|Any CPU.Build.0 = Release|Any CPU
		{F2E8F94B-42D5-4317-A6DB-889E1C9DB94C}.Release|x64.ActiveCfg = Release|Any CPU
		{F2E8F94B-42D5-4317-A6DB-889E1C9DB94C}.Release|x64.Build.0 = Release|Any CPU
		{F2E8F94B-42D5-4317-A6DB-889E1C9DB94C}.Release|x86.ActiveCfg = Release|Any CPU
		{F2E8F94B-42D5-4317-A6DB-889E1C9DB94C}.Release|x86.Build.0 = Release|Any CPU
	EndGlobalSection
	GlobalSection(SolutionProperties) = preSolution
		HideSolutionNode = FALSE
	EndGlobalSection
	GlobalSection(NestedProjects) = preSolution
		{6C135C58-9DA0-4F36-8EB7-B91E4ECF4421} = {827E0CD3-B72D-47B6-A68D-7590B98EB39B}
		{EDF0D299-679E-476A-9A83-C4A4F37C117E} = {827E0CD3-B72D-47B6-A68D-7590B98EB39B}
		{E129AA49-68B7-478A-A087-DFEA3DE6B8B0} = {827E0CD3-B72D-47B6-A68D-7590B98EB39B}
		{243B5648-3AC0-4E27-83CC-9135B89ABE36} = {827E0CD3-B72D-47B6-A68D-7590B98EB39B}
		{23E470AF-5651-4C0B-9138-B0C6FBE2E5F6} = {827E0CD3-B72D-47B6-A68D-7590B98EB39B}
		{A27EE890-0A1F-434F-A78B-036013ACAA86} = {827E0CD3-B72D-47B6-A68D-7590B98EB39B}
		{B31D14E6-B8CA-4124-8F04-2791BE0EBD48} = {827E0CD3-B72D-47B6-A68D-7590B98EB39B}
		{782586FC-5593-453F-AC1C-49DCDF5C3A5E} = {827E0CD3-B72D-47B6-A68D-7590B98EB39B}
		{F2E8F94B-42D5-4317-A6DB-889E1C9DB94C} = {0AB3BF05-4346-4AA6-1389-037BE0695223}
	EndGlobalSection
EndGlobal
